
Microsoft Visual Studio Solution File, Format Version 12.00
# Visual Studio Version 16
VisualStudioVersion = 16.0.31729.503
MinimumVisualStudioVersion = 10.0.40219.1
Project("{FAE04EC0-301F-11D3-BF4B-00C04F79EFBC}") = "Sample.Api", "Sample.Api\Sample.Api.csproj", "{38942AF4-6CDA-4237-BC13-8E99B96E2234}"
EndProject
Project("{FAE04EC0-301F-11D3-BF4B-00C04F79EFBC}") = "Sample.Domain", "Sample.Domain\Sample.Domain.csproj", "{87C0C16C-6383-4446-A1F2-020215A46F71}"
EndProject
Project("{FAE04EC0-301F-11D3-BF4B-00C04F79EFBC}") = "Sample.Core", "Sample.Core\Sample.Core.csproj", "{441B2446-1125-4203-A1D3-9B18CDFB7568}"
EndProject
Project("{FAE04EC0-301F-11D3-BF4B-00C04F79EFBC}") = "Sample.Shared", "Sample.Shared\Sample.Shared.csproj", "{2A4A2A30-B9C3-4AE1-879D-8832142FA257}"
EndProject
Project("{FAE04EC0-301F-11D3-BF4B-00C04F79EFBC}") = "Sample.Infrastructure.Persistance", "Sample.Infrastructure.Persistance\Sample.Infrastructure.Persistance.csproj", "{25C0C56B-EF29-4BCB-9E06-D24331D98E3B}"
EndProject
Global
	GlobalSection(SolutionConfigurationPlatforms) = preSolution
		Debug|Any CPU = Debug|Any CPU
		Release|Any CPU = Release|Any CPU
	EndGlobalSection
	GlobalSection(ProjectConfigurationPlatforms) = postSolution
		{38942AF4-6CDA-4237-BC13-8E99B96E2234}.Debug|Any CPU.ActiveCfg = Debug|Any CPU
		{38942AF4-6CDA-4237-BC13-8E99B96E2234}.Debug|Any CPU.Build.0 = Debug|Any CPU
		{38942AF4-6CDA-4237-BC13-8E99B96E2234}.Release|Any CPU.ActiveCfg = Release|Any CPU
		{38942AF4-6CDA-4237-BC13-8E99B96E2234}.Release|Any CPU.Build.0 = Release|Any CPU
		{87C0C16C-6383-4446-A1F2-020215A46F71}.Debug|Any CPU.ActiveCfg = Debug|Any CPU
		{87C0C16C-6383-4446-A1F2-020215A46F71}.Debug|Any CPU.Build.0 = Debug|Any CPU
		{87C0C16C-6383-4446-A1F2-020215A46F71}.Release|Any CPU.ActiveCfg = Release|Any CPU
		{87C0C16C-6383-4446-A1F2-020215A46F71}.Release|Any CPU.Build.0 = Release|Any CPU
		{441B2446-1125-4203-A1D3-9B18CDFB7568}.Debug|Any CPU.ActiveCfg = Debug|Any CPU
		{441B2446-1125-4203-A1D3-9B18CDFB7568}.Debug|Any CPU.Build.0 = Debug|Any CPU
		{441B2446-1125-4203-A1D3-9B18CDFB7568}.Release|Any CPU.ActiveCfg = Release|Any CPU
		{441B2446-1125-4203-A1D3-9B18CDFB7568}.Release|Any CPU.Build.0 = Release|Any CPU
		{2A4A2A30-B9C3-4AE1-879D-8832142FA257}.Debug|Any CPU.ActiveCfg = Debug|Any CPU
		{2A4A2A30-B9C3-4AE1-879D-8832142FA257}.Debug|Any CPU.Build.0 = Debug|Any CPU
		{2A4A2A30-B9C3-4AE1-879D-8832142FA257}.Release|Any CPU.ActiveCfg = Release|Any CPU
		{2A4A2A30-B9C3-4AE1-879D-8832142FA257}.Release|Any CPU.Build.0 = Release|Any CPU
		{25C0C56B-EF29-4BCB-9E06-D24331D98E3B}.Debug|Any CPU.ActiveCfg = Debug|Any CPU
		{25C0C56B-EF29-4BCB-9E06-D24331D98E3B}.Debug|Any CPU.Build.0 = Debug|Any CPU
		{25C0C56B-EF29-4BCB-9E06-D24331D98E3B}.Release|Any CPU.ActiveCfg = Release|Any CPU
		{25C0C56B-EF29-4BCB-9E06-D24331D98E3B}.Release|Any CPU.Build.0 = Release|Any CPU
	EndGlobalSection
	GlobalSection(SolutionProperties) = preSolution
		HideSolutionNode = FALSE
	EndGlobalSection
	GlobalSection(ExtensibilityGlobals) = postSolution
		SolutionGuid = {9A5204F2-D857-482B-BBFE-3BF24A79D6B9}
	EndGlobalSection
EndGlobal
